
Microsoft Visual Studio Solution File, Format Version 12.00
# Visual Studio 15
VisualStudioVersion = 15.0.28307.572
MinimumVisualStudioVersion = 10.0.40219.1
Project("{FAE04EC0-301F-11D3-BF4B-00C04F79EFBC}") = "Wibci.XForms.Controls.Android", "Wibci.XForms.Controls\Wibci.XForms.Controls.Android\Wibci.XForms.Controls.Android.csproj", "{6D3D3E6E-83F1-4703-9840-7FFD5AC2B31D}"
EndProject
Project("{FAE04EC0-301F-11D3-BF4B-00C04F79EFBC}") = "Wibci.XForms.Controls.iOS", "Wibci.XForms.Controls\Wibci.XForms.Controls.iOS\Wibci.XForms.Controls.iOS.csproj", "{CBE36FE8-2444-429A-8A51-F9A26BD49622}"
EndProject
Project("{FAE04EC0-301F-11D3-BF4B-00C04F79EFBC}") = "Wibci.XForms.Controls.UWP", "Wibci.XForms.Controls\Wibci.XForms.Controls.UWP\Wibci.XForms.Controls.UWP.csproj", "{B70CFD25-E6BA-458F-B4E3-F38C8722FD64}"
EndProject
Project("{FAE04EC0-301F-11D3-BF4B-00C04F79EFBC}") = "Wibci.XForms.Controls", "Wibci.XForms.Controls\Wibci.XForms.Controls\Wibci.XForms.Controls.csproj", "{F34F1D3A-51AA-487D-803E-C03BFD82EEA2}"
EndProject
Global
	GlobalSection(SolutionConfigurationPlatforms) = preSolution
		Ad-Hoc|Any CPU = Ad-Hoc|Any CPU
		Ad-Hoc|ARM = Ad-Hoc|ARM
		Ad-Hoc|iPhone = Ad-Hoc|iPhone
		Ad-Hoc|iPhoneSimulator = Ad-Hoc|iPhoneSimulator
		Ad-Hoc|x64 = Ad-Hoc|x64
		Ad-Hoc|x86 = Ad-Hoc|x86
		AppStore|Any CPU = AppStore|Any CPU
		AppStore|ARM = AppStore|ARM
		AppStore|iPhone = AppStore|iPhone
		AppStore|iPhoneSimulator = AppStore|iPhoneSimulator
		AppStore|x64 = AppStore|x64
		AppStore|x86 = AppStore|x86
		Debug|Any CPU = Debug|Any CPU
		Debug|ARM = Debug|ARM
		Debug|iPhone = Debug|iPhone
		Debug|iPhoneSimulator = Debug|iPhoneSimulator
		Debug|x64 = Debug|x64
		Debug|x86 = Debug|x86
		Release|Any CPU = Release|Any CPU
		Release|ARM = Release|ARM
		Release|iPhone = Release|iPhone
		Release|iPhoneSimulator = Release|iPhoneSimulator
		Release|x64 = Release|x64
		Release|x86 = Release|x86
	EndGlobalSection
	GlobalSection(ProjectConfigurationPlatforms) = postSolution
		{6D3D3E6E-83F1-4703-9840-7FFD5AC2B31D}.Ad-Hoc|Any CPU.ActiveCfg = Release|Any CPU
		{6D3D3E6E-83F1-4703-9840-7FFD5AC2B31D}.Ad-Hoc|Any CPU.Build.0 = Release|Any CPU
		{6D3D3E6E-83F1-4703-9840-7FFD5AC2B31D}.Ad-Hoc|Any CPU.Deploy.0 = Release|Any CPU
		{6D3D3E6E-83F1-4703-9840-7FFD5AC2B31D}.Ad-Hoc|ARM.ActiveCfg = Release|Any CPU
		{6D3D3E6E-83F1-4703-9840-7FFD5AC2B31D}.Ad-Hoc|ARM.Build.0 = Release|Any CPU
		{6D3D3E6E-83F1-4703-9840-7FFD5AC2B31D}.Ad-Hoc|ARM.Deploy.0 = Release|Any CPU
		{6D3D3E6E-83F1-4703-9840-7FFD5AC2B31D}.Ad-Hoc|iPhone.ActiveCfg = Release|Any CPU
		{6D3D3E6E-83F1-4703-9840-7FFD5AC2B31D}.Ad-Hoc|iPhone.Build.0 = Release|Any CPU
		{6D3D3E6E-83F1-4703-9840-7FFD5AC2B31D}.Ad-Hoc|iPhone.Deploy.0 = Release|Any CPU
		{6D3D3E6E-83F1-4703-9840-7FFD5AC2B31D}.Ad-Hoc|iPhoneSimulator.ActiveCfg = Release|Any CPU
		{6D3D3E6E-83F1-4703-9840-7FFD5AC2B31D}.Ad-Hoc|iPhoneSimulator.Build.0 = Release|Any CPU
		{6D3D3E6E-83F1-4703-9840-7FFD5AC2B31D}.Ad-Hoc|iPhoneSimulator.Deploy.0 = Release|Any CPU
		{6D3D3E6E-83F1-4703-9840-7FFD5AC2B31D}.Ad-Hoc|x64.ActiveCfg = Release|Any CPU
		{6D3D3E6E-83F1-4703-9840-7FFD5AC2B31D}.Ad-Hoc|x64.Build.0 = Release|Any CPU
		{6D3D3E6E-83F1-4703-9840-7FFD5AC2B31D}.Ad-Hoc|x64.Deploy.0 = Release|Any CPU
		{6D3D3E6E-83F1-4703-9840-7FFD5AC2B31D}.Ad-Hoc|x86.ActiveCfg = Release|Any CPU
		{6D3D3E6E-83F1-4703-9840-7FFD5AC2B31D}.Ad-Hoc|x86.Build.0 = Release|Any CPU
		{6D3D3E6E-83F1-4703-9840-7FFD5AC2B31D}.Ad-Hoc|x86.Deploy.0 = Release|Any CPU
		{6D3D3E6E-83F1-4703-9840-7FFD5AC2B31D}.AppStore|Any CPU.ActiveCfg = Release|Any CPU
		{6D3D3E6E-83F1-4703-9840-7FFD5AC2B31D}.AppStore|Any CPU.Build.0 = Release|Any CPU
		{6D3D3E6E-83F1-4703-9840-7FFD5AC2B31D}.AppStore|Any CPU.Deploy.0 = Release|Any CPU
		{6D3D3E6E-83F1-4703-9840-7FFD5AC2B31D}.AppStore|ARM.ActiveCfg = Release|Any CPU
		{6D3D3E6E-83F1-4703-9840-7FFD5AC2B31D}.AppStore|ARM.Build.0 = Release|Any CPU
		{6D3D3E6E-83F1-4703-9840-7FFD5AC2B31D}.AppStore|ARM.Deploy.0 = Release|Any CPU
		{6D3D3E6E-83F1-4703-9840-7FFD5AC2B31D}.AppStore|iPhone.ActiveCfg = Release|Any CPU
		{6D3D3E6E-83F1-4703-9840-7FFD5AC2B31D}.AppStore|iPhone.Build.0 = Release|Any CPU
		{6D3D3E6E-83F1-4703-9840-7FFD5AC2B31D}.AppStore|iPhone.Deploy.0 = Release|Any CPU
		{6D3D3E6E-83F1-4703-9840-7FFD5AC2B31D}.AppStore|iPhoneSimulator.ActiveCfg = Release|Any CPU
		{6D3D3E6E-83F1-4703-9840-7FFD5AC2B31D}.AppStore|iPhoneSimulator.Build.0 = Release|Any CPU
		{6D3D3E6E-83F1-4703-9840-7FFD5AC2B31D}.AppStore|iPhoneSimulator.Deploy.0 = Release|Any CPU
		{6D3D3E6E-83F1-4703-9840-7FFD5AC2B31D}.AppStore|x64.ActiveCfg = Release|Any CPU
		{6D3D3E6E-83F1-4703-9840-7FFD5AC2B31D}.AppStore|x64.Build.0 = Release|Any CPU
		{6D3D3E6E-83F1-4703-9840-7FFD5AC2B31D}.AppStore|x64.Deploy.0 = Release|Any CPU
		{6D3D3E6E-83F1-4703-9840-7FFD5AC2B31D}.AppStore|x86.ActiveCfg = Release|Any CPU
		{6D3D3E6E-83F1-4703-9840-7FFD5AC2B31D}.AppStore|x86.Build.0 = Release|Any CPU
		{6D3D3E6E-83F1-4703-9840-7FFD5AC2B31D}.AppStore|x86.Deploy.0 = Release|Any CPU
		{6D3D3E6E-83F1-4703-9840-7FFD5AC2B31D}.Debug|Any CPU.ActiveCfg = Debug|Any CPU
		{6D3D3E6E-83F1-4703-9840-7FFD5AC2B31D}.Debug|Any CPU.Build.0 = Debug|Any CPU
		{6D3D3E6E-83F1-4703-9840-7FFD5AC2B31D}.Debug|Any CPU.Deploy.0 = Debug|Any CPU
		{6D3D3E6E-83F1-4703-9840-7FFD5AC2B31D}.Debug|ARM.ActiveCfg = Debug|Any CPU
		{6D3D3E6E-83F1-4703-9840-7FFD5AC2B31D}.Debug|ARM.Build.0 = Debug|Any CPU
		{6D3D3E6E-83F1-4703-9840-7FFD5AC2B31D}.Debug|ARM.Deploy.0 = Debug|Any CPU
		{6D3D3E6E-83F1-4703-9840-7FFD5AC2B31D}.Debug|iPhone.ActiveCfg = Debug|Any CPU
		{6D3D3E6E-83F1-4703-9840-7FFD5AC2B31D}.Debug|iPhone.Build.0 = Debug|Any CPU
		{6D3D3E6E-83F1-4703-9840-7FFD5AC2B31D}.Debug|iPhone.Deploy.0 = Debug|Any CPU
		{6D3D3E6E-83F1-4703-9840-7FFD5AC2B31D}.Debug|iPhoneSimulator.ActiveCfg = Debug|Any CPU
		{6D3D3E6E-83F1-4703-9840-7FFD5AC2B31D}.Debug|iPhoneSimulator.Build.0 = Debug|Any CPU
		{6D3D3E6E-83F1-4703-9840-7FFD5AC2B31D}.Debug|iPhoneSimulator.Deploy.0 = Debug|Any CPU
		{6D3D3E6E-83F1-4703-9840-7FFD5AC2B31D}.Debug|x64.ActiveCfg = Debug|Any CPU
		{6D3D3E6E-83F1-4703-9840-7FFD5AC2B31D}.Debug|x64.Build.0 = Debug|Any CPU
		{6D3D3E6E-83F1-4703-9840-7FFD5AC2B31D}.Debug|x64.Deploy.0 = Debug|Any CPU
		{6D3D3E6E-83F1-4703-9840-7FFD5AC2B31D}.Debug|x86.ActiveCfg = Debug|Any CPU
		{6D3D3E6E-83F1-4703-9840-7FFD5AC2B31D}.Debug|x86.Build.0 = Debug|Any CPU
		{6D3D3E6E-83F1-4703-9840-7FFD5AC2B31D}.Debug|x86.Deploy.0 = Debug|Any CPU
		{6D3D3E6E-83F1-4703-9840-7FFD5AC2B31D}.Release|Any CPU.ActiveCfg = Release|Any CPU
		{6D3D3E6E-83F1-4703-9840-7FFD5AC2B31D}.Release|Any CPU.Build.0 = Release|Any CPU
		{6D3D3E6E-83F1-4703-9840-7FFD5AC2B31D}.Release|Any CPU.Deploy.0 = Release|Any CPU
		{6D3D3E6E-83F1-4703-9840-7FFD5AC2B31D}.Release|ARM.ActiveCfg = Release|Any CPU
		{6D3D3E6E-83F1-4703-9840-7FFD5AC2B31D}.Release|ARM.Build.0 = Release|Any CPU
		{6D3D3E6E-83F1-4703-9840-7FFD5AC2B31D}.Release|ARM.Deploy.0 = Release|Any CPU
		{6D3D3E6E-83F1-4703-9840-7FFD5AC2B31D}.Release|iPhone.ActiveCfg = Release|Any CPU
		{6D3D3E6E-83F1-4703-9840-7FFD5AC2B31D}.Release|iPhone.Build.0 = Release|Any CPU
		{6D3D3E6E-83F1-4703-9840-7FFD5AC2B31D}.Release|iPhone.Deploy.0 = Release|Any CPU
		{6D3D3E6E-83F1-4703-9840-7FFD5AC2B31D}.Release|iPhoneSimulator.ActiveCfg = Release|Any CPU
		{6D3D3E6E-83F1-4703-9840-7FFD5AC2B31D}.Release|iPhoneSimulator.Build.0 = Release|Any CPU
		{6D3D3E6E-83F1-4703-9840-7FFD5AC2B31D}.Release|iPhoneSimulator.Deploy.0 = Release|Any CPU
		{6D3D3E6E-83F1-4703-9840-7FFD5AC2B31D}.Release|x64.ActiveCfg = Release|Any CPU
		{6D3D3E6E-83F1-4703-9840-7FFD5AC2B31D}.Release|x64.Build.0 = Release|Any CPU
		{6D3D3E6E-83F1-4703-9840-7FFD5AC2B31D}.Release|x64.Deploy.0 = Release|Any CPU
		{6D3D3E6E-83F1-4703-9840-7FFD5AC2B31D}.Release|x86.ActiveCfg = Release|Any CPU
		{6D3D3E6E-83F1-4703-9840-7FFD5AC2B31D}.Release|x86.Build.0 = Release|Any CPU
		{6D3D3E6E-83F1-4703-9840-7FFD5AC2B31D}.Release|x86.Deploy.0 = Release|Any CPU
		{CBE36FE8-2444-429A-8A51-F9A26BD49622}.Ad-Hoc|Any CPU.ActiveCfg = Ad-Hoc|iPhone
		{CBE36FE8-2444-429A-8A51-F9A26BD49622}.Ad-Hoc|Any CPU.Build.0 = Ad-Hoc|iPhone
		{CBE36FE8-2444-429A-8A51-F9A26BD49622}.Ad-Hoc|Any CPU.Deploy.0 = Ad-Hoc|iPhone
		{CBE36FE8-2444-429A-8A51-F9A26BD49622}.Ad-Hoc|ARM.ActiveCfg = Ad-Hoc|iPhone
		{CBE36FE8-2444-429A-8A51-F9A26BD49622}.Ad-Hoc|ARM.Build.0 = Ad-Hoc|iPhone
		{CBE36FE8-2444-429A-8A51-F9A26BD49622}.Ad-Hoc|ARM.Deploy.0 = Ad-Hoc|iPhone
		{CBE36FE8-2444-429A-8A51-F9A26BD49622}.Ad-Hoc|iPhone.ActiveCfg = Ad-Hoc|iPhone
		{CBE36FE8-2444-429A-8A51-F9A26BD49622}.Ad-Hoc|iPhone.Build.0 = Ad-Hoc|iPhone
		{CBE36FE8-2444-429A-8A51-F9A26BD49622}.Ad-Hoc|iPhone.Deploy.0 = Ad-Hoc|iPhone
		{CBE36FE8-2444-429A-8A51-F9A26BD49622}.Ad-Hoc|iPhoneSimulator.ActiveCfg = Ad-Hoc|iPhoneSimulator
		{CBE36FE8-2444-429A-8A51-F9A26BD49622}.Ad-Hoc|iPhoneSimulator.Build.0 = Ad-Hoc|iPhoneSimulator
		{CBE36FE8-2444-429A-8A51-F9A26BD49622}.Ad-Hoc|iPhoneSimulator.Deploy.0 = Ad-Hoc|iPhoneSimulator
		{CBE36FE8-2444-429A-8A51-F9A26BD49622}.Ad-Hoc|x64.ActiveCfg = Ad-Hoc|iPhone
		{CBE36FE8-2444-429A-8A51-F9A26BD49622}.Ad-Hoc|x64.Build.0 = Ad-Hoc|iPhone
		{CBE36FE8-2444-429A-8A51-F9A26BD49622}.Ad-Hoc|x64.Deploy.0 = Ad-Hoc|iPhone
		{CBE36FE8-2444-429A-8A51-F9A26BD49622}.Ad-Hoc|x86.ActiveCfg = Ad-Hoc|iPhone
		{CBE36FE8-2444-429A-8A51-F9A26BD49622}.Ad-Hoc|x86.Build.0 = Ad-Hoc|iPhone
		{CBE36FE8-2444-429A-8A51-F9A26BD49622}.Ad-Hoc|x86.Deploy.0 = Ad-Hoc|iPhone
		{CBE36FE8-2444-429A-8A51-F9A26BD49622}.AppStore|Any CPU.ActiveCfg = AppStore|iPhone
		{CBE36FE8-2444-429A-8A51-F9A26BD49622}.AppStore|Any CPU.Build.0 = AppStore|iPhone
		{CBE36FE8-2444-429A-8A51-F9A26BD49622}.AppStore|Any CPU.Deploy.0 = AppStore|iPhone
		{CBE36FE8-2444-429A-8A51-F9A26BD49622}.AppStore|ARM.ActiveCfg = AppStore|iPhone
		{CBE36FE8-2444-429A-8A51-F9A26BD49622}.AppStore|ARM.Build.0 = AppStore|iPhone
		{CBE36FE8-2444-429A-8A51-F9A26BD49622}.AppStore|ARM.Deploy.0 = AppStore|iPhone
		{CBE36FE8-2444-429A-8A51-F9A26BD49622}.AppStore|iPhone.ActiveCfg = AppStore|iPhone
		{CBE36FE8-2444-429A-8A51-F9A26BD49622}.AppStore|iPhone.Build.0 = AppStore|iPhone
		{CBE36FE8-2444-429A-8A51-F9A26BD49622}.AppStore|iPhone.Deploy.0 = AppStore|iPhone
		{CBE36FE8-2444-429A-8A51-F9A26BD49622}.AppStore|iPhoneSimulator.ActiveCfg = AppStore|iPhoneSimulator
		{CBE36FE8-2444-429A-8A51-F9A26BD49622}.AppStore|iPhoneSimulator.Build.0 = AppStore|iPhoneSimulator
		{CBE36FE8-2444-429A-8A51-F9A26BD49622}.AppStore|iPhoneSimulator.Deploy.0 = AppStore|iPhoneSimulator
		{CBE36FE8-2444-429A-8A51-F9A26BD49622}.AppStore|x64.ActiveCfg = AppStore|iPhone
		{CBE36FE8-2444-429A-8A51-F9A26BD49622}.AppStore|x64.Build.0 = AppStore|iPhone
		{CBE36FE8-2444-429A-8A51-F9A26BD49622}.AppStore|x64.Deploy.0 = AppStore|iPhone
		{CBE36FE8-2444-429A-8A51-F9A26BD49622}.AppStore|x86.ActiveCfg = AppStore|iPhone
		{CBE36FE8-2444-429A-8A51-F9A26BD49622}.AppStore|x86.Build.0 = AppStore|iPhone
		{CBE36FE8-2444-429A-8A51-F9A26BD49622}.AppStore|x86.Deploy.0 = AppStore|iPhone
		{CBE36FE8-2444-429A-8A51-F9A26BD49622}.Debug|Any CPU.ActiveCfg = Debug|iPhoneSimulator
		{CBE36FE8-2444-429A-8A51-F9A26BD49622}.Debug|Any CPU.Build.0 = Debug|iPhoneSimulator
		{CBE36FE8-2444-429A-8A51-F9A26BD49622}.Debug|Any CPU.Deploy.0 = Debug|iPhoneSimulator
		{CBE36FE8-2444-429A-8A51-F9A26BD49622}.Debug|ARM.ActiveCfg = Debug|iPhone
		{CBE36FE8-2444-429A-8A51-F9A26BD49622}.Debug|ARM.Build.0 = Debug|iPhone
		{CBE36FE8-2444-429A-8A51-F9A26BD49622}.Debug|ARM.Deploy.0 = Debug|iPhone
		{CBE36FE8-2444-429A-8A51-F9A26BD49622}.Debug|iPhone.ActiveCfg = Debug|iPhone
		{CBE36FE8-2444-429A-8A51-F9A26BD49622}.Debug|iPhone.Build.0 = Debug|iPhone
		{CBE36FE8-2444-429A-8A51-F9A26BD49622}.Debug|iPhone.Deploy.0 = Debug|iPhone
		{CBE36FE8-2444-429A-8A51-F9A26BD49622}.Debug|iPhoneSimulator.ActiveCfg = Debug|iPhoneSimulator
		{CBE36FE8-2444-429A-8A51-F9A26BD49622}.Debug|iPhoneSimulator.Build.0 = Debug|iPhoneSimulator
		{CBE36FE8-2444-429A-8A51-F9A26BD49622}.Debug|iPhoneSimulator.Deploy.0 = Debug|iPhoneSimulator
		{CBE36FE8-2444-429A-8A51-F9A26BD49622}.Debug|x64.ActiveCfg = Debug|iPhone
		{CBE36FE8-2444-429A-8A51-F9A26BD49622}.Debug|x64.Build.0 = Debug|iPhone
		{CBE36FE8-2444-429A-8A51-F9A26BD49622}.Debug|x64.Deploy.0 = Debug|iPhone
		{CBE36FE8-2444-429A-8A51-F9A26BD49622}.Debug|x86.ActiveCfg = Debug|iPhone
		{CBE36FE8-2444-429A-8A51-F9A26BD49622}.Debug|x86.Build.0 = Debug|iPhone
		{CBE36FE8-2444-429A-8A51-F9A26BD49622}.Debug|x86.Deploy.0 = Debug|iPhone
		{CBE36FE8-2444-429A-8A51-F9A26BD49622}.Release|Any CPU.ActiveCfg = Release|iPhone
		{CBE36FE8-2444-429A-8A51-F9A26BD49622}.Release|Any CPU.Build.0 = Release|iPhone
		{CBE36FE8-2444-429A-8A51-F9A26BD49622}.Release|Any CPU.Deploy.0 = Release|iPhone
		{CBE36FE8-2444-429A-8A51-F9A26BD49622}.Release|ARM.ActiveCfg = Release|iPhone
		{CBE36FE8-2444-429A-8A51-F9A26BD49622}.Release|ARM.Build.0 = Release|iPhone
		{CBE36FE8-2444-429A-8A51-F9A26BD49622}.Release|ARM.Deploy.0 = Release|iPhone
		{CBE36FE8-2444-429A-8A51-F9A26BD49622}.Release|iPhone.ActiveCfg = Release|iPhone
		{CBE36FE8-2444-429A-8A51-F9A26BD49622}.Release|iPhone.Build.0 = Release|iPhone
		{CBE36FE8-2444-429A-8A51-F9A26BD49622}.Release|iPhone.Deploy.0 = Release|iPhone
		{CBE36FE8-2444-429A-8A51-F9A26BD49622}.Release|iPhoneSimulator.ActiveCfg = Release|iPhoneSimulator
		{CBE36FE8-2444-429A-8A51-F9A26BD49622}.Release|iPhoneSimulator.Build.0 = Release|iPhoneSimulator
		{CBE36FE8-2444-429A-8A51-F9A26BD49622}.Release|iPhoneSimulator.Deploy.0 = Release|iPhoneSimulator
		{CBE36FE8-2444-429A-8A51-F9A26BD49622}.Release|x64.ActiveCfg = Release|iPhone
		{CBE36FE8-2444-429A-8A51-F9A26BD49622}.Release|x64.Build.0 = Release|iPhone
		{CBE36FE8-2444-429A-8A51-F9A26BD49622}.Release|x64.Deploy.0 = Release|iPhone
		{CBE36FE8-2444-429A-8A51-F9A26BD49622}.Release|x86.ActiveCfg = Release|iPhone
		{CBE36FE8-2444-429A-8A51-F9A26BD49622}.Release|x86.Build.0 = Release|iPhone
		{CBE36FE8-2444-429A-8A51-F9A26BD49622}.Release|x86.Deploy.0 = Release|iPhone
		{B70CFD25-E6BA-458F-B4E3-F38C8722FD64}.Ad-Hoc|Any CPU.ActiveCfg = Release|x86
		{B70CFD25-E6BA-458F-B4E3-F38C8722FD64}.Ad-Hoc|Any CPU.Build.0 = Release|x86
		{B70CFD25-E6BA-458F-B4E3-F38C8722FD64}.Ad-Hoc|Any CPU.Deploy.0 = Release|x86
		{B70CFD25-E6BA-458F-B4E3-F38C8722FD64}.Ad-Hoc|ARM.ActiveCfg = Release|ARM
		{B70CFD25-E6BA-458F-B4E3-F38C8722FD64}.Ad-Hoc|ARM.Build.0 = Release|ARM
		{B70CFD25-E6BA-458F-B4E3-F38C8722FD64}.Ad-Hoc|ARM.Deploy.0 = Release|ARM
		{B70CFD25-E6BA-458F-B4E3-F38C8722FD64}.Ad-Hoc|iPhone.ActiveCfg = Release|x86
		{B70CFD25-E6BA-458F-B4E3-F38C8722FD64}.Ad-Hoc|iPhone.Build.0 = Release|x86
		{B70CFD25-E6BA-458F-B4E3-F38C8722FD64}.Ad-Hoc|iPhone.Deploy.0 = Release|x86
		{B70CFD25-E6BA-458F-B4E3-F38C8722FD64}.Ad-Hoc|iPhoneSimulator.ActiveCfg = Release|x86
		{B70CFD25-E6BA-458F-B4E3-F38C8722FD64}.Ad-Hoc|iPhoneSimulator.Build.0 = Release|x86
		{B70CFD25-E6BA-458F-B4E3-F38C8722FD64}.Ad-Hoc|iPhoneSimulator.Deploy.0 = Release|x86
		{B70CFD25-E6BA-458F-B4E3-F38C8722FD64}.Ad-Hoc|x64.ActiveCfg = Release|x64
		{B70CFD25-E6BA-458F-B4E3-F38C8722FD64}.Ad-Hoc|x64.Build.0 = Release|x64
		{B70CFD25-E6BA-458F-B4E3-F38C8722FD64}.Ad-Hoc|x64.Deploy.0 = Release|x64
		{B70CFD25-E6BA-458F-B4E3-F38C8722FD64}.Ad-Hoc|x86.ActiveCfg = Release|x86
		{B70CFD25-E6BA-458F-B4E3-F38C8722FD64}.Ad-Hoc|x86.Build.0 = Release|x86
		{B70CFD25-E6BA-458F-B4E3-F38C8722FD64}.Ad-Hoc|x86.Deploy.0 = Release|x86
		{B70CFD25-E6BA-458F-B4E3-F38C8722FD64}.AppStore|Any CPU.ActiveCfg = Release|x86
		{B70CFD25-E6BA-458F-B4E3-F38C8722FD64}.AppStore|Any CPU.Build.0 = Release|x86
		{B70CFD25-E6BA-458F-B4E3-F38C8722FD64}.AppStore|Any CPU.Deploy.0 = Release|x86
		{B70CFD25-E6BA-458F-B4E3-F38C8722FD64}.AppStore|ARM.ActiveCfg = Release|ARM
		{B70CFD25-E6BA-458F-B4E3-F38C8722FD64}.AppStore|ARM.Build.0 = Release|ARM
		{B70CFD25-E6BA-458F-B4E3-F38C8722FD64}.AppStore|ARM.Deploy.0 = Release|ARM
		{B70CFD25-E6BA-458F-B4E3-F38C8722FD64}.AppStore|iPhone.ActiveCfg = Release|x86
		{B70CFD25-E6BA-458F-B4E3-F38C8722FD64}.AppStore|iPhone.Build.0 = Release|x86
		{B70CFD25-E6BA-458F-B4E3-F38C8722FD64}.AppStore|iPhone.Deploy.0 = Release|x86
		{B70CFD25-E6BA-458F-B4E3-F38C8722FD64}.AppStore|iPhoneSimulator.ActiveCfg = Release|x86
		{B70CFD25-E6BA-458F-B4E3-F38C8722FD64}.AppStore|iPhoneSimulator.Build.0 = Release|x86
		{B70CFD25-E6BA-458F-B4E3-F38C8722FD64}.AppStore|iPhoneSimulator.Deploy.0 = Release|x86
		{B70CFD25-E6BA-458F-B4E3-F38C8722FD64}.AppStore|x64.ActiveCfg = Release|x64
		{B70CFD25-E6BA-458F-B4E3-F38C8722FD64}.AppStore|x64.Build.0 = Release|x64
		{B70CFD25-E6BA-458F-B4E3-F38C8722FD64}.AppStore|x64.Deploy.0 = Release|x64
		{B70CFD25-E6BA-458F-B4E3-F38C8722FD64}.AppStore|x86.ActiveCfg = Release|x86
		{B70CFD25-E6BA-458F-B4E3-F38C8722FD64}.AppStore|x86.Build.0 = Release|x86
		{B70CFD25-E6BA-458F-B4E3-F38C8722FD64}.AppStore|x86.Deploy.0 = Release|x86
		{B70CFD25-E6BA-458F-B4E3-F38C8722FD64}.Debug|Any CPU.ActiveCfg = Debug|x86
		{B70CFD25-E6BA-458F-B4E3-F38C8722FD64}.Debug|Any CPU.Build.0 = Debug|x86
		{B70CFD25-E6BA-458F-B4E3-F38C8722FD64}.Debug|Any CPU.Deploy.0 = Debug|x86
		{B70CFD25-E6BA-458F-B4E3-F38C8722FD64}.Debug|ARM.ActiveCfg = Debug|ARM
		{B70CFD25-E6BA-458F-B4E3-F38C8722FD64}.Debug|ARM.Build.0 = Debug|ARM
		{B70CFD25-E6BA-458F-B4E3-F38C8722FD64}.Debug|ARM.Deploy.0 = Debug|ARM
		{B70CFD25-E6BA-458F-B4E3-F38C8722FD64}.Debug|iPhone.ActiveCfg = Debug|x86
		{B70CFD25-E6BA-458F-B4E3-F38C8722FD64}.Debug|iPhone.Build.0 = Debug|x86
		{B70CFD25-E6BA-458F-B4E3-F38C8722FD64}.Debug|iPhone.Deploy.0 = Debug|x86
		{B70CFD25-E6BA-458F-B4E3-F38C8722FD64}.Debug|iPhoneSimulator.ActiveCfg = Debug|x86
		{B70CFD25-E6BA-458F-B4E3-F38C8722FD64}.Debug|iPhoneSimulator.Build.0 = Debug|x86
		{B70CFD25-E6BA-458F-B4E3-F38C8722FD64}.Debug|iPhoneSimulator.Deploy.0 = Debug|x86
		{B70CFD25-E6BA-458F-B4E3-F38C8722FD64}.Debug|x64.ActiveCfg = Debug|x64
		{B70CFD25-E6BA-458F-B4E3-F38C8722FD64}.Debug|x64.Build.0 = Debug|x64
		{B70CFD25-E6BA-458F-B4E3-F38C8722FD64}.Debug|x64.Deploy.0 = Debug|x64
		{B70CFD25-E6BA-458F-B4E3-F38C8722FD64}.Debug|x86.ActiveCfg = Debug|x86
		{B70CFD25-E6BA-458F-B4E3-F38C8722FD64}.Debug|x86.Build.0 = Debug|x86
		{B70CFD25-E6BA-458F-B4E3-F38C8722FD64}.Debug|x86.Deploy.0 = Debug|x86
		{B70CFD25-E6BA-458F-B4E3-F38C8722FD64}.Release|Any CPU.ActiveCfg = Release|x86
		{B70CFD25-E6BA-458F-B4E3-F38C8722FD64}.Release|Any CPU.Build.0 = Release|x86
		{B70CFD25-E6BA-458F-B4E3-F38C8722FD64}.Release|Any CPU.Deploy.0 = Release|x86
		{B70CFD25-E6BA-458F-B4E3-F38C8722FD64}.Release|ARM.ActiveCfg = Release|ARM
		{B70CFD25-E6BA-458F-B4E3-F38C8722FD64}.Release|ARM.Build.0 = Release|ARM
		{B70CFD25-E6BA-458F-B4E3-F38C8722FD64}.Release|ARM.Deploy.0 = Release|ARM
		{B70CFD25-E6BA-458F-B4E3-F38C8722FD64}.Release|iPhone.ActiveCfg = Release|x86
		{B70CFD25-E6BA-458F-B4E3-F38C8722FD64}.Release|iPhone.Build.0 = Release|x86
		{B70CFD25-E6BA-458F-B4E3-F38C8722FD64}.Release|iPhone.Deploy.0 = Release|x86
		{B70CFD25-E6BA-458F-B4E3-F38C8722FD64}.Release|iPhoneSimulator.ActiveCfg = Release|x86
		{B70CFD25-E6BA-458F-B4E3-F38C8722FD64}.Release|iPhoneSimulator.Build.0 = Release|x86
		{B70CFD25-E6BA-458F-B4E3-F38C8722FD64}.Release|iPhoneSimulator.Deploy.0 = Release|x86
		{B70CFD25-E6BA-458F-B4E3-F38C8722FD64}.Release|x64.ActiveCfg = Release|x64
		{B70CFD25-E6BA-458F-B4E3-F38C8722FD64}.Release|x64.Build.0 = Release|x64
		{B70CFD25-E6BA-458F-B4E3-F38C8722FD64}.Release|x64.Deploy.0 = Release|x64
		{B70CFD25-E6BA-458F-B4E3-F38C8722FD64}.Release|x86.ActiveCfg = Release|x86
		{B70CFD25-E6BA-458F-B4E3-F38C8722FD64}.Release|x86.Build.0 = Release|x86
		{B70CFD25-E6BA-458F-B4E3-F38C8722FD64}.Release|x86.Deploy.0 = Release|x86
		{F34F1D3A-51AA-487D-803E-C03BFD82EEA2}.Ad-Hoc|Any CPU.ActiveCfg = Debug|Any CPU
		{F34F1D3A-51AA-487D-803E-C03BFD82EEA2}.Ad-Hoc|Any CPU.Build.0 = Debug|Any CPU
		{F34F1D3A-51AA-487D-803E-C03BFD82EEA2}.Ad-Hoc|Any CPU.Deploy.0 = Debug|Any CPU
		{F34F1D3A-51AA-487D-803E-C03BFD82EEA2}.Ad-Hoc|ARM.ActiveCfg = Debug|Any CPU
		{F34F1D3A-51AA-487D-803E-C03BFD82EEA2}.Ad-Hoc|ARM.Build.0 = Debug|Any CPU
		{F34F1D3A-51AA-487D-803E-C03BFD82EEA2}.Ad-Hoc|ARM.Deploy.0 = Debug|Any CPU
		{F34F1D3A-51AA-487D-803E-C03BFD82EEA2}.Ad-Hoc|iPhone.ActiveCfg = Debug|Any CPU
		{F34F1D3A-51AA-487D-803E-C03BFD82EEA2}.Ad-Hoc|iPhone.Build.0 = Debug|Any CPU
		{F34F1D3A-51AA-487D-803E-C03BFD82EEA2}.Ad-Hoc|iPhone.Deploy.0 = Debug|Any CPU
		{F34F1D3A-51AA-487D-803E-C03BFD82EEA2}.Ad-Hoc|iPhoneSimulator.ActiveCfg = Debug|Any CPU
		{F34F1D3A-51AA-487D-803E-C03BFD82EEA2}.Ad-Hoc|iPhoneSimulator.Build.0 = Debug|Any CPU
		{F34F1D3A-51AA-487D-803E-C03BFD82EEA2}.Ad-Hoc|iPhoneSimulator.Deploy.0 = Debug|Any CPU
		{F34F1D3A-51AA-487D-803E-C03BFD82EEA2}.Ad-Hoc|x64.ActiveCfg = Debug|Any CPU
		{F34F1D3A-51AA-487D-803E-C03BFD82EEA2}.Ad-Hoc|x64.Build.0 = Debug|Any CPU
		{F34F1D3A-51AA-487D-803E-C03BFD82EEA2}.Ad-Hoc|x64.Deploy.0 = Debug|Any CPU
		{F34F1D3A-51AA-487D-803E-C03BFD82EEA2}.Ad-Hoc|x86.ActiveCfg = Debug|Any CPU
		{F34F1D3A-51AA-487D-803E-C03BFD82EEA2}.Ad-Hoc|x86.Build.0 = Debug|Any CPU
		{F34F1D3A-51AA-487D-803E-C03BFD82EEA2}.Ad-Hoc|x86.Deploy.0 = Debug|Any CPU
		{F34F1D3A-51AA-487D-803E-C03BFD82EEA2}.AppStore|Any CPU.ActiveCfg = Debug|Any CPU
		{F34F1D3A-51AA-487D-803E-C03BFD82EEA2}.AppStore|Any CPU.Build.0 = Debug|Any CPU
		{F34F1D3A-51AA-487D-803E-C03BFD82EEA2}.AppStore|Any CPU.Deploy.0 = Debug|Any CPU
		{F34F1D3A-51AA-487D-803E-C03BFD82EEA2}.AppStore|ARM.ActiveCfg = Debug|Any CPU
		{F34F1D3A-51AA-487D-803E-C03BFD82EEA2}.AppStore|ARM.Build.0 = Debug|Any CPU
		{F34F1D3A-51AA-487D-803E-C03BFD82EEA2}.AppStore|ARM.Deploy.0 = Debug|Any CPU
		{F34F1D3A-51AA-487D-803E-C03BFD82EEA2}.AppStore|iPhone.ActiveCfg = Debug|Any CPU
		{F34F1D3A-51AA-487D-803E-C03BFD82EEA2}.AppStore|iPhone.Build.0 = Debug|Any CPU
		{F34F1D3A-51AA-487D-803E-C03BFD82EEA2}.AppStore|iPhone.Deploy.0 = Debug|Any CPU
		{F34F1D3A-51AA-487D-803E-C03BFD82EEA2}.AppStore|iPhoneSimulator.ActiveCfg = Debug|Any CPU
		{F34F1D3A-51AA-487D-803E-C03BFD82EEA2}.AppStore|iPhoneSimulator.Build.0 = Debug|Any CPU
		{F34F1D3A-51AA-487D-803E-C03BFD82EEA2}.AppStore|iPhoneSimulator.Deploy.0 = Debug|Any CPU
		{F34F1D3A-51AA-487D-803E-C03BFD82EEA2}.AppStore|x64.ActiveCfg = Debug|Any CPU
		{F34F1D3A-51AA-487D-803E-C03BFD82EEA2}.AppStore|x64.Build.0 = Debug|Any CPU
		{F34F1D3A-51AA-487D-803E-C03BFD82EEA2}.AppStore|x64.Deploy.0 = Debug|Any CPU
		{F34F1D3A-51AA-487D-803E-C03BFD82EEA2}.AppStore|x86.ActiveCfg = Debug|Any CPU
		{F34F1D3A-51AA-487D-803E-C03BFD82EEA2}.AppStore|x86.Build.0 = Debug|Any CPU
		{F34F1D3A-51AA-487D-803E-C03BFD82EEA2}.AppStore|x86.Deploy.0 = Debug|Any CPU
		{F34F1D3A-51AA-487D-803E-C03BFD82EEA2}.Debug|Any CPU.ActiveCfg = Debug|Any CPU
		{F34F1D3A-51AA-487D-803E-C03BFD82EEA2}.Debug|Any CPU.Build.0 = Debug|Any CPU
		{F34F1D3A-51AA-487D-803E-C03BFD82EEA2}.Debug|Any CPU.Deploy.0 = Debug|Any CPU
		{F34F1D3A-51AA-487D-803E-C03BFD82EEA2}.Debug|ARM.ActiveCfg = Debug|Any CPU
		{F34F1D3A-51AA-487D-803E-C03BFD82EEA2}.Debug|ARM.Build.0 = Debug|Any CPU
		{F34F1D3A-51AA-487D-803E-C03BFD82EEA2}.Debug|ARM.Deploy.0 = Debug|Any CPU
		{F34F1D3A-51AA-487D-803E-C03BFD82EEA2}.Debug|iPhone.ActiveCfg = Debug|Any CPU
		{F34F1D3A-51AA-487D-803E-C03BFD82EEA2}.Debug|iPhone.Build.0 = Debug|Any CPU
		{F34F1D3A-51AA-487D-803E-C03BFD82EEA2}.Debug|iPhone.Deploy.0 = Debug|Any CPU
		{F34F1D3A-51AA-487D-803E-C03BFD82EEA2}.Debug|iPhoneSimulator.ActiveCfg = Debug|Any CPU
		{F34F1D3A-51AA-487D-803E-C03BFD82EEA2}.Debug|iPhoneSimulator.Build.0 = Debug|Any CPU
		{F34F1D3A-51AA-487D-803E-C03BFD82EEA2}.Debug|iPhoneSimulator.Deploy.0 = Debug|Any CPU
		{F34F1D3A-51AA-487D-803E-C03BFD82EEA2}.Debug|x64.ActiveCfg = Debug|Any CPU
		{F34F1D3A-51AA-487D-803E-C03BFD82EEA2}.Debug|x64.Build.0 = Debug|Any CPU
		{F34F1D3A-51AA-487D-803E-C03BFD82EEA2}.Debug|x64.Deploy.0 = Debug|Any CPU
		{F34F1D3A-51AA-487D-803E-C03BFD82EEA2}.Debug|x86.ActiveCfg = Debug|Any CPU
		{F34F1D3A-51AA-487D-803E-C03BFD82EEA2}.Debug|x86.Build.0 = Debug|Any CPU
		{F34F1D3A-51AA-487D-803E-C03BFD82EEA2}.Debug|x86.Deploy.0 = Debug|Any CPU
		{F34F1D3A-51AA-487D-803E-C03BFD82EEA2}.Release|Any CPU.ActiveCfg = Release|Any CPU
		{F34F1D3A-51AA-487D-803E-C03BFD82EEA2}.Release|Any CPU.Build.0 = Release|Any CPU
		{F34F1D3A-51AA-487D-803E-C03BFD82EEA2}.Release|Any CPU.Deploy.0 = Release|Any CPU
		{F34F1D3A-51AA-487D-803E-C03BFD82EEA2}.Release|ARM.ActiveCfg = Release|Any CPU
		{F34F1D3A-51AA-487D-803E-C03BFD82EEA2}.Release|ARM.Build.0 = Release|Any CPU
		{F34F1D3A-51AA-487D-803E-C03BFD82EEA2}.Release|ARM.Deploy.0 = Release|Any CPU
		{F34F1D3A-51AA-487D-803E-C03BFD82EEA2}.Release|iPhone.ActiveCfg = Release|Any CPU
		{F34F1D3A-51AA-487D-803E-C03BFD82EEA2}.Release|iPhone.Build.0 = Release|Any CPU
		{F34F1D3A-51AA-487D-803E-C03BFD82EEA2}.Release|iPhone.Deploy.0 = Release|Any CPU
		{F34F1D3A-51AA-487D-803E-C03BFD82EEA2}.Release|iPhoneSimulator.ActiveCfg = Release|Any CPU
		{F34F1D3A-51AA-487D-803E-C03BFD82EEA2}.Release|iPhoneSimulator.Build.0 = Release|Any CPU
		{F34F1D3A-51AA-487D-803E-C03BFD82EEA2}.Release|iPhoneSimulator.Deploy.0 = Release|Any CPU
		{F34F1D3A-51AA-487D-803E-C03BFD82EEA2}.Release|x64.ActiveCfg = Release|Any CPU
		{F34F1D3A-51AA-487D-803E-C03BFD82EEA2}.Release|x64.Build.0 = Release|Any CPU
		{F34F1D3A-51AA-487D-803E-C03BFD82EEA2}.Release|x64.Deploy.0 = Release|Any CPU
		{F34F1D3A-51AA-487D-803E-C03BFD82EEA2}.Release|x86.ActiveCfg = Release|Any CPU
		{F34F1D3A-51AA-487D-803E-C03BFD82EEA2}.Release|x86.Build.0 = Release|Any CPU
		{F34F1D3A-51AA-487D-803E-C03BFD82EEA2}.Release|x86.Deploy.0 = Release|Any CPU
	EndGlobalSection
	GlobalSection(SolutionProperties) = preSolution
		HideSolutionNode = FALSE
	EndGlobalSection
	GlobalSection(ExtensibilityGlobals) = postSolution
		SolutionGuid = {67E612F7-2545-4DB3-8D44-5A5D269BFB94}
	EndGlobalSection
EndGlobal
